
Microsoft Visual Studio Solution File, Format Version 12.00
# Visual Studio Version 17
VisualStudioVersion = 17.9.34728.123
MinimumVisualStudioVersion = 10.0.40219.1
Project("{9A19103F-16F7-4668-BE54-9A1E7A4F7556}") = "Lect1", "Lect1\Lect1.csproj", "{3F8A68AD-3EC1-4E2F-A753-BC280406D2CD}"
EndProject
Project("{9A19103F-16F7-4668-BE54-9A1E7A4F7556}") = "Lect2", "Lect2\Lect2.csproj", "{32F05A37-1F57-4638-9235-50E5B8DD19AA}"
EndProject
Project("{9A19103F-16F7-4668-BE54-9A1E7A4F7556}") = "Lect3", "Lect3\Lect3.csproj", "{26C8EE3B-179E-4311-A1BE-5A09AB3CF6DE}"
EndProject
Project("{9A19103F-16F7-4668-BE54-9A1E7A4F7556}") = "Lect4", "Lect4\Lect4.csproj", "{E6C2A40D-399D-435F-8179-B726FC55ACFB}"
EndProject
Project("{9A19103F-16F7-4668-BE54-9A1E7A4F7556}") = "Lect5", "Lect5\Lect5.csproj", "{D59AA808-E845-4266-BBB0-5BE593590576}"
EndProject
Project("{9A19103F-16F7-4668-BE54-9A1E7A4F7556}") = "Lect6", "Lect6\Lect6.csproj", "{F9CEB80E-E848-4A06-9290-046B51AEA11F}"
EndProject
Project("{9A19103F-16F7-4668-BE54-9A1E7A4F7556}") = "Lect7", "Lect7\Lect7.csproj", "{54B8E39F-005C-483F-A22C-ABA283C16534}"
EndProject
Project("{9A19103F-16F7-4668-BE54-9A1E7A4F7556}") = "Lect8", "Lect8\Lect8.csproj", "{18EB33FF-9DC7-40BF-BF18-4D89C845D1AB}"
EndProject
Project("{9A19103F-16F7-4668-BE54-9A1E7A4F7556}") = "Lect9", "Lect9\Lect9.csproj", "{9AD386EF-EB9F-4B3D-AB86-2EDE70147DB7}"
EndProject
Project("{9A19103F-16F7-4668-BE54-9A1E7A4F7556}") = "Lect10", "Lect10\Lect10.csproj", "{9FC17068-DB87-4F7E-BAB1-41112D11B113}"
EndProject
Project("{9A19103F-16F7-4668-BE54-9A1E7A4F7556}") = "Lect11", "Lect11\Lect11.csproj", "{09CFF29E-4869-4073-BC03-353949C4AD22}"
EndProject
Project("{9A19103F-16F7-4668-BE54-9A1E7A4F7556}") = "Class-Library-Project", "Class-Library-Project\Class-Library-Project.csproj", "{C2C57E89-94DD-4E99-80BB-EF0275A6D6ED}"
EndProject
Project("{9A19103F-16F7-4668-BE54-9A1E7A4F7556}") = "Lect12", "Lect12\Lect12.csproj", "{66CD758B-6079-4011-AB49-D3DC87832099}"
EndProject
Project("{FAE04EC0-301F-11D3-BF4B-00C04F79EFBC}") = "Lect13", "Lect13\Lect13.csproj", "{916C9520-8F9A-4B90-8C5D-B89809546FE9}"
EndProject
Global
	GlobalSection(SolutionConfigurationPlatforms) = preSolution
		Debug|Any CPU = Debug|Any CPU
		Release|Any CPU = Release|Any CPU
	EndGlobalSection
	GlobalSection(ProjectConfigurationPlatforms) = postSolution
		{3F8A68AD-3EC1-4E2F-A753-BC280406D2CD}.Debug|Any CPU.ActiveCfg = Debug|Any CPU
		{3F8A68AD-3EC1-4E2F-A753-BC280406D2CD}.Debug|Any CPU.Build.0 = Debug|Any CPU
		{3F8A68AD-3EC1-4E2F-A753-BC280406D2CD}.Release|Any CPU.ActiveCfg = Release|Any CPU
		{3F8A68AD-3EC1-4E2F-A753-BC280406D2CD}.Release|Any CPU.Build.0 = Release|Any CPU
		{32F05A37-1F57-4638-9235-50E5B8DD19AA}.Debug|Any CPU.ActiveCfg = Debug|Any CPU
		{32F05A37-1F57-4638-9235-50E5B8DD19AA}.Debug|Any CPU.Build.0 = Debug|Any CPU
		{32F05A37-1F57-4638-9235-50E5B8DD19AA}.Release|Any CPU.ActiveCfg = Release|Any CPU
		{32F05A37-1F57-4638-9235-50E5B8DD19AA}.Release|Any CPU.Build.0 = Release|Any CPU
		{26C8EE3B-179E-4311-A1BE-5A09AB3CF6DE}.Debug|Any CPU.ActiveCfg = Debug|Any CPU
		{26C8EE3B-179E-4311-A1BE-5A09AB3CF6DE}.Debug|Any CPU.Build.0 = Debug|Any CPU
		{26C8EE3B-179E-4311-A1BE-5A09AB3CF6DE}.Release|Any CPU.ActiveCfg = Release|Any CPU
		{26C8EE3B-179E-4311-A1BE-5A09AB3CF6DE}.Release|Any CPU.Build.0 = Release|Any CPU
		{E6C2A40D-399D-435F-8179-B726FC55ACFB}.Debug|Any CPU.ActiveCfg = Debug|Any CPU
		{E6C2A40D-399D-435F-8179-B726FC55ACFB}.Debug|Any CPU.Build.0 = Debug|Any CPU
		{E6C2A40D-399D-435F-8179-B726FC55ACFB}.Release|Any CPU.ActiveCfg = Release|Any CPU
		{E6C2A40D-399D-435F-8179-B726FC55ACFB}.Release|Any CPU.Build.0 = Release|Any CPU
		{D59AA808-E845-4266-BBB0-5BE593590576}.Debug|Any CPU.ActiveCfg = Debug|Any CPU
		{D59AA808-E845-4266-BBB0-5BE593590576}.Debug|Any CPU.Build.0 = Debug|Any CPU
		{D59AA808-E845-4266-BBB0-5BE593590576}.Release|Any CPU.ActiveCfg = Release|Any CPU
		{D59AA808-E845-4266-BBB0-5BE593590576}.Release|Any CPU.Build.0 = Release|Any CPU
		{F9CEB80E-E848-4A06-9290-046B51AEA11F}.Debug|Any CPU.ActiveCfg = Debug|Any CPU
		{F9CEB80E-E848-4A06-9290-046B51AEA11F}.Debug|Any CPU.Build.0 = Debug|Any CPU
		{F9CEB80E-E848-4A06-9290-046B51AEA11F}.Release|Any CPU.ActiveCfg = Release|Any CPU
		{F9CEB80E-E848-4A06-9290-046B51AEA11F}.Release|Any CPU.Build.0 = Release|Any CPU
		{54B8E39F-005C-483F-A22C-ABA283C16534}.Debug|Any CPU.ActiveCfg = Debug|Any CPU
		{54B8E39F-005C-483F-A22C-ABA283C16534}.Debug|Any CPU.Build.0 = Debug|Any CPU
		{54B8E39F-005C-483F-A22C-ABA283C16534}.Release|Any CPU.ActiveCfg = Release|Any CPU
		{54B8E39F-005C-483F-A22C-ABA283C16534}.Release|Any CPU.Build.0 = Release|Any CPU
		{18EB33FF-9DC7-40BF-BF18-4D89C845D1AB}.Debug|Any CPU.ActiveCfg = Debug|Any CPU
		{18EB33FF-9DC7-40BF-BF18-4D89C845D1AB}.Debug|Any CPU.Build.0 = Debug|Any CPU
		{18EB33FF-9DC7-40BF-BF18-4D89C845D1AB}.Release|Any CPU.ActiveCfg = Release|Any CPU
		{18EB33FF-9DC7-40BF-BF18-4D89C845D1AB}.Release|Any CPU.Build.0 = Release|Any CPU
		{9AD386EF-EB9F-4B3D-AB86-2EDE70147DB7}.Debug|Any CPU.ActiveCfg = Debug|Any CPU
		{9AD386EF-EB9F-4B3D-AB86-2EDE70147DB7}.Debug|Any CPU.Build.0 = Debug|Any CPU
		{9AD386EF-EB9F-4B3D-AB86-2EDE70147DB7}.Release|Any CPU.ActiveCfg = Release|Any CPU
		{9AD386EF-EB9F-4B3D-AB86-2EDE70147DB7}.Release|Any CPU.Build.0 = Release|Any CPU
		{9FC17068-DB87-4F7E-BAB1-41112D11B113}.Debug|Any CPU.ActiveCfg = Debug|Any CPU
		{9FC17068-DB87-4F7E-BAB1-41112D11B113}.Debug|Any CPU.Build.0 = Debug|Any CPU
		{9FC17068-DB87-4F7E-BAB1-41112D11B113}.Release|Any CPU.ActiveCfg = Release|Any CPU
		{9FC17068-DB87-4F7E-BAB1-41112D11B113}.Release|Any CPU.Build.0 = Release|Any CPU
		{09CFF29E-4869-4073-BC03-353949C4AD22}.Debug|Any CPU.ActiveCfg = Debug|Any CPU
		{09CFF29E-4869-4073-BC03-353949C4AD22}.Debug|Any CPU.Build.0 = Debug|Any CPU
		{09CFF29E-4869-4073-BC03-353949C4AD22}.Release|Any CPU.ActiveCfg = Release|Any CPU
		{09CFF29E-4869-4073-BC03-353949C4AD22}.Release|Any CPU.Build.0 = Release|Any CPU
		{C2C57E89-94DD-4E99-80BB-EF0275A6D6ED}.Debug|Any CPU.ActiveCfg = Debug|Any CPU
		{C2C57E89-94DD-4E99-80BB-EF0275A6D6ED}.Debug|Any CPU.Build.0 = Debug|Any CPU
		{C2C57E89-94DD-4E99-80BB-EF0275A6D6ED}.Release|Any CPU.ActiveCfg = Release|Any CPU
		{C2C57E89-94DD-4E99-80BB-EF0275A6D6ED}.Release|Any CPU.Build.0 = Release|Any CPU
		{66CD758B-6079-4011-AB49-D3DC87832099}.Debug|Any CPU.ActiveCfg = Debug|Any CPU
		{66CD758B-6079-4011-AB49-D3DC87832099}.Debug|Any CPU.Build.0 = Debug|Any CPU
		{66CD758B-6079-4011-AB49-D3DC87832099}.Release|Any CPU.ActiveCfg = Release|Any CPU
		{66CD758B-6079-4011-AB49-D3DC87832099}.Release|Any CPU.Build.0 = Release|Any CPU
		{916C9520-8F9A-4B90-8C5D-B89809546FE9}.Debug|Any CPU.ActiveCfg = Debug|Any CPU
		{916C9520-8F9A-4B90-8C5D-B89809546FE9}.Debug|Any CPU.Build.0 = Debug|Any CPU
		{916C9520-8F9A-4B90-8C5D-B89809546FE9}.Release|Any CPU.ActiveCfg = Release|Any CPU
		{916C9520-8F9A-4B90-8C5D-B89809546FE9}.Release|Any CPU.Build.0 = Release|Any CPU
	EndGlobalSection
	GlobalSection(SolutionProperties) = preSolution
		HideSolutionNode = FALSE
	EndGlobalSection
	GlobalSection(ExtensibilityGlobals) = postSolution
		SolutionGuid = {020A7B0F-91F7-430B-803B-F9DDF1F9A337}
	EndGlobalSection
EndGlobal
